// !$*UTF8*$!
{
	archiveVersion = 1;
	classes = {
	};
	objectVersion = 50;
	objects = {

/* Begin PBXBuildFile section */
		4706A76F25C754BA00C2CC8A /* Shapes.swift in Sources */ = {isa = PBXBuildFile; fileRef = 4706A76E25C754BA00C2CC8A /* Shapes.swift */; };
		4735736525C6FAA300CA2743 /* AppDelegate.swift in Sources */ = {isa = PBXBuildFile; fileRef = 4735736425C6FAA300CA2743 /* AppDelegate.swift */; };
		4735736725C6FAA300CA2743 /* SceneDelegate.swift in Sources */ = {isa = PBXBuildFile; fileRef = 4735736625C6FAA300CA2743 /* SceneDelegate.swift */; };
		4735736925C6FAA300CA2743 /* ContentView.swift in Sources */ = {isa = PBXBuildFile; fileRef = 4735736825C6FAA300CA2743 /* ContentView.swift */; };
		4735736B25C6FAA400CA2743 /* Assets.xcassets in Resources */ = {isa = PBXBuildFile; fileRef = 4735736A25C6FAA400CA2743 /* Assets.xcassets */; };
		4735736E25C6FAA400CA2743 /* Preview Assets.xcassets in Resources */ = {isa = PBXBuildFile; fileRef = 4735736D25C6FAA400CA2743 /* Preview Assets.xcassets */; };
		4735737125C6FAA400CA2743 /* LaunchScreen.storyboard in Resources */ = {isa = PBXBuildFile; fileRef = 4735736F25C6FAA400CA2743 /* LaunchScreen.storyboard */; };
		4735737B25C6FAB900CA2743 /* Game.swift in Sources */ = {isa = PBXBuildFile; fileRef = 4735737A25C6FAB800CA2743 /* Game.swift */; };
		4735738825C6FB6700CA2743 /* Day4SwiftUIViewsandViewModifiersTests.swift in Sources */ = {isa = PBXBuildFile; fileRef = 4735738725C6FB6700CA2743 /* Day4SwiftUIViewsandViewModifiersTests.swift */; };
		478BA10325C74AE500D9E1E7 /* TextViews.swift in Sources */ = {isa = PBXBuildFile; fileRef = 478BA10225C74AE500D9E1E7 /* TextViews.swift */; };
/* End PBXBuildFile section */

/* Begin PBXContainerItemProxy section */
		4735738A25C6FB6700CA2743 /* PBXContainerItemProxy */ = {
			isa = PBXContainerItemProxy;
			containerPortal = 4735735925C6FAA300CA2743 /* Project object */;
			proxyType = 1;
			remoteGlobalIDString = 4735736025C6FAA300CA2743;
			remoteInfo = Day4SwiftUIViewsandViewModifiers;
		};
/* End PBXContainerItemProxy section */

/* Begin PBXFileReference section */
		4706A76E25C754BA00C2CC8A /* Shapes.swift */ = {isa = PBXFileReference; lastKnownFileType = sourcecode.swift; path = Shapes.swift; sourceTree = "<group>"; };
		4735736125C6FAA300CA2743 /* Day4SwiftUIViewsandViewModifiers.app */ = {isa = PBXFileReference; explicitFileType = wrapper.application; includeInIndex = 0; path = Day4SwiftUIViewsandViewModifiers.app; sourceTree = BUILT_PRODUCTS_DIR; };
		4735736425C6FAA300CA2743 /* AppDelegate.swift */ = {isa = PBXFileReference; lastKnownFileType = sourcecode.swift; path = AppDelegate.swift; sourceTree = "<group>"; };
		4735736625C6FAA300CA2743 /* SceneDelegate.swift */ = {isa = PBXFileReference; lastKnownFileType = sourcecode.swift; path = SceneDelegate.swift; sourceTree = "<group>"; };
		4735736825C6FAA300CA2743 /* ContentView.swift */ = {isa = PBXFileReference; lastKnownFileType = sourcecode.swift; path = ContentView.swift; sourceTree = "<group>"; };
		4735736A25C6FAA400CA2743 /* Assets.xcassets */ = {isa = PBXFileReference; lastKnownFileType = folder.assetcatalog; path = Assets.xcassets; sourceTree = "<group>"; };
		4735736D25C6FAA400CA2743 /* Preview Assets.xcassets */ = {isa = PBXFileReference; lastKnownFileType = folder.assetcatalog; path = "Preview Assets.xcassets"; sourceTree = "<group>"; };
		4735737025C6FAA400CA2743 /* Base */ = {isa = PBXFileReference; lastKnownFileType = file.storyboard; name = Base; path = Base.lproj/LaunchScreen.storyboard; sourceTree = "<group>"; };
		4735737225C6FAA400CA2743 /* Info.plist */ = {isa = PBXFileReference; lastKnownFileType = text.plist.xml; path = Info.plist; sourceTree = "<group>"; };
		4735737A25C6FAB800CA2743 /* Game.swift */ = {isa = PBXFileReference; fileEncoding = 4; lastKnownFileType = sourcecode.swift; path = Game.swift; sourceTree = "<group>"; };
		4735738525C6FB6700CA2743 /* Day4SwiftUIViewsandViewModifiersTests.xctest */ = {isa = PBXFileReference; explicitFileType = wrapper.cfbundle; includeInIndex = 0; path = Day4SwiftUIViewsandViewModifiersTests.xctest; sourceTree = BUILT_PRODUCTS_DIR; };
		4735738725C6FB6700CA2743 /* Day4SwiftUIViewsandViewModifiersTests.swift */ = {isa = PBXFileReference; lastKnownFileType = sourcecode.swift; path = Day4SwiftUIViewsandViewModifiersTests.swift; sourceTree = "<group>"; };
		4735738925C6FB6700CA2743 /* Info.plist */ = {isa = PBXFileReference; lastKnownFileType = text.plist.xml; path = Info.plist; sourceTree = "<group>"; };
		478BA10225C74AE500D9E1E7 /* TextViews.swift */ = {isa = PBXFileReference; lastKnownFileType = sourcecode.swift; path = TextViews.swift; sourceTree = "<group>"; };
/* End PBXFileReference section */

/* Begin PBXFrameworksBuildPhase section */
		4735735E25C6FAA300CA2743 /* Frameworks */ = {
			isa = PBXFrameworksBuildPhase;
			buildActionMask = 2147483647;
			files = (
			);
			runOnlyForDeploymentPostprocessing = 0;
		};
		4735738225C6FB6700CA2743 /* Frameworks */ = {
			isa = PBXFrameworksBuildPhase;
			buildActionMask = 2147483647;
			files = (
			);
			runOnlyForDeploymentPostprocessing = 0;
		};
/* End PBXFrameworksBuildPhase section */

/* Begin PBXGroup section */
		4735735825C6FAA300CA2743 = {
			isa = PBXGroup;
			children = (
				4735736325C6FAA300CA2743 /* Day4SwiftUIViewsandViewModifiers */,
				4735738625C6FB6700CA2743 /* Day4SwiftUIViewsandViewModifiersTests */,
				4735736225C6FAA300CA2743 /* Products */,
			);
			sourceTree = "<group>";
		};
		4735736225C6FAA300CA2743 /* Products */ = {
			isa = PBXGroup;
			children = (
				4735736125C6FAA300CA2743 /* Day4SwiftUIViewsandViewModifiers.app */,
				4735738525C6FB6700CA2743 /* Day4SwiftUIViewsandViewModifiersTests.xctest */,
			);
			name = Products;
			sourceTree = "<group>";
		};
		4735736325C6FAA300CA2743 /* Day4SwiftUIViewsandViewModifiers */ = {
			isa = PBXGroup;
			children = (
				4735737D25C6FAE200CA2743 /* App */,
				4735737E25C6FAF600CA2743 /* Views */,
				4735737925C6FAB800CA2743 /* Models */,
				4735736C25C6FAA400CA2743 /* Preview Content */,
			);
			path = Day4SwiftUIViewsandViewModifiers;
			sourceTree = "<group>";
		};
		4735736C25C6FAA400CA2743 /* Preview Content */ = {
			isa = PBXGroup;
			children = (
				4735736D25C6FAA400CA2743 /* Preview Assets.xcassets */,
			);
			path = "Preview Content";
			sourceTree = "<group>";
		};
		4735737925C6FAB800CA2743 /* Models */ = {
			isa = PBXGroup;
			children = (
				4735737A25C6FAB800CA2743 /* Game.swift */,
			);
			path = Models;
			sourceTree = "<group>";
		};
		4735737D25C6FAE200CA2743 /* App */ = {
			isa = PBXGroup;
			children = (
				4735736425C6FAA300CA2743 /* AppDelegate.swift */,
				4735736625C6FAA300CA2743 /* SceneDelegate.swift */,
				4735736A25C6FAA400CA2743 /* Assets.xcassets */,
				4735736F25C6FAA400CA2743 /* LaunchScreen.storyboard */,
				4735737225C6FAA400CA2743 /* Info.plist */,
			);
			path = App;
			sourceTree = "<group>";
		};
		4735737E25C6FAF600CA2743 /* Views */ = {
			isa = PBXGroup;
			children = (
				4735736825C6FAA300CA2743 /* ContentView.swift */,
				478BA10225C74AE500D9E1E7 /* TextViews.swift */,
				4706A76E25C754BA00C2CC8A /* Shapes.swift */,
			);
			path = Views;
			sourceTree = "<group>";
		};
		4735738625C6FB6700CA2743 /* Day4SwiftUIViewsandViewModifiersTests */ = {
			isa = PBXGroup;
			children = (
				4735738725C6FB6700CA2743 /* Day4SwiftUIViewsandViewModifiersTests.swift */,
				4735738925C6FB6700CA2743 /* Info.plist */,
			);
			path = Day4SwiftUIViewsandViewModifiersTests;
			sourceTree = "<group>";
		};
/* End PBXGroup section */

/* Begin PBXNativeTarget section */
		4735736025C6FAA300CA2743 /* Day4SwiftUIViewsandViewModifiers */ = {
			isa = PBXNativeTarget;
			buildConfigurationList = 4735737525C6FAA400CA2743 /* Build configuration list for PBXNativeTarget "Day4SwiftUIViewsandViewModifiers" */;
			buildPhases = (
				4735735D25C6FAA300CA2743 /* Sources */,
				4735735E25C6FAA300CA2743 /* Frameworks */,
				4735735F25C6FAA300CA2743 /* Resources */,
			);
			buildRules = (
			);
			dependencies = (
			);
			name = Day4SwiftUIViewsandViewModifiers;
			productName = Day4SwiftUIViewsandViewModifiers;
			productReference = 4735736125C6FAA300CA2743 /* Day4SwiftUIViewsandViewModifiers.app */;
			productType = "com.apple.product-type.application";
		};
		4735738425C6FB6700CA2743 /* Day4SwiftUIViewsandViewModifiersTests */ = {
			isa = PBXNativeTarget;
			buildConfigurationList = 4735738C25C6FB6700CA2743 /* Build configuration list for PBXNativeTarget "Day4SwiftUIViewsandViewModifiersTests" */;
			buildPhases = (
				4735738125C6FB6700CA2743 /* Sources */,
				4735738225C6FB6700CA2743 /* Frameworks */,
				4735738325C6FB6700CA2743 /* Resources */,
			);
			buildRules = (
			);
			dependencies = (
				4735738B25C6FB6700CA2743 /* PBXTargetDependency */,
			);
			name = Day4SwiftUIViewsandViewModifiersTests;
			productName = Day4SwiftUIViewsandViewModifiersTests;
			productReference = 4735738525C6FB6700CA2743 /* Day4SwiftUIViewsandViewModifiersTests.xctest */;
			productType = "com.apple.product-type.bundle.unit-test";
		};
/* End PBXNativeTarget section */

/* Begin PBXProject section */
		4735735925C6FAA300CA2743 /* Project object */ = {
			isa = PBXProject;
			attributes = {
				LastSwiftUpdateCheck = 1220;
				LastUpgradeCheck = 1220;
				TargetAttributes = {
					4735736025C6FAA300CA2743 = {
						CreatedOnToolsVersion = 12.2;
					};
					4735738425C6FB6700CA2743 = {
						CreatedOnToolsVersion = 12.2;
						TestTargetID = 4735736025C6FAA300CA2743;
					};
				};
			};
			buildConfigurationList = 4735735C25C6FAA300CA2743 /* Build configuration list for PBXProject "Day4SwiftUIViewsandViewModifiers" */;
			compatibilityVersion = "Xcode 9.3";
			developmentRegion = en;
			hasScannedForEncodings = 0;
			knownRegions = (
				en,
				Base,
			);
			mainGroup = 4735735825C6FAA300CA2743;
			productRefGroup = 4735736225C6FAA300CA2743 /* Products */;
			projectDirPath = "";
			projectRoot = "";
			targets = (
				4735736025C6FAA300CA2743 /* Day4SwiftUIViewsandViewModifiers */,
				4735738425C6FB6700CA2743 /* Day4SwiftUIViewsandViewModifiersTests */,
			);
		};
/* End PBXProject section */

/* Begin PBXResourcesBuildPhase section */
		4735735F25C6FAA300CA2743 /* Resources */ = {
			isa = PBXResourcesBuildPhase;
			buildActionMask = 2147483647;
			files = (
				4735737125C6FAA400CA2743 /* LaunchScreen.storyboard in Resources */,
				4735736E25C6FAA400CA2743 /* Preview Assets.xcassets in Resources */,
				4735736B25C6FAA400CA2743 /* Assets.xcassets in Resources */,
			);
			runOnlyForDeploymentPostprocessing = 0;
		};
		4735738325C6FB6700CA2743 /* Resources */ = {
			isa = PBXResourcesBuildPhase;
			buildActionMask = 2147483647;
			files = (
			);
			runOnlyForDeploymentPostprocessing = 0;
		};
/* End PBXResourcesBuildPhase section */

/* Begin PBXSourcesBuildPhase section */
		4735735D25C6FAA300CA2743 /* Sources */ = {
			isa = PBXSourcesBuildPhase;
			buildActionMask = 2147483647;
			files = (
				4735736525C6FAA300CA2743 /* AppDelegate.swift in Sources */,
				4735736725C6FAA300CA2743 /* SceneDelegate.swift in Sources */,
				4735736925C6FAA300CA2743 /* ContentView.swift in Sources */,
				4735737B25C6FAB900CA2743 /* Game.swift in Sources */,
				478BA10325C74AE500D9E1E7 /* TextViews.swift in Sources */,
				4706A76F25C754BA00C2CC8A /* Shapes.swift in Sources */,
			);
			runOnlyForDeploymentPostprocessing = 0;
		};
		4735738125C6FB6700CA2743 /* Sources */ = {
			isa = PBXSourcesBuildPhase;
			buildActionMask = 2147483647;
			files = (
				4735738825C6FB6700CA2743 /* Day4SwiftUIViewsandViewModifiersTests.swift in Sources */,
			);
			runOnlyForDeploymentPostprocessing = 0;
		};
/* End PBXSourcesBuildPhase section */

/* Begin PBXTargetDependency section */
		4735738B25C6FB6700CA2743 /* PBXTargetDependency */ = {
			isa = PBXTargetDependency;
			target = 4735736025C6FAA300CA2743 /* Day4SwiftUIViewsandViewModifiers */;
			targetProxy = 4735738A25C6FB6700CA2743 /* PBXContainerItemProxy */;
		};
/* End PBXTargetDependency section */

/* Begin PBXVariantGroup section */
		4735736F25C6FAA400CA2743 /* LaunchScreen.storyboard */ = {
			isa = PBXVariantGroup;
			children = (
				4735737025C6FAA400CA2743 /* Base */,
			);
			name = LaunchScreen.storyboard;
			sourceTree = "<group>";
		};
/* End PBXVariantGroup section */

/* Begin XCBuildConfiguration section */
		4735737325C6FAA400CA2743 /* Debug */ = {
			isa = XCBuildConfiguration;
			buildSettings = {
				ALWAYS_SEARCH_USER_PATHS = NO;
				CLANG_ANALYZER_NONNULL = YES;
				CLANG_ANALYZER_NUMBER_OBJECT_CONVERSION = YES_AGGRESSIVE;
				CLANG_CXX_LANGUAGE_STANDARD = "gnu++14";
				CLANG_CXX_LIBRARY = "libc++";
				CLANG_ENABLE_MODULES = YES;
				CLANG_ENABLE_OBJC_ARC = YES;
				CLANG_ENABLE_OBJC_WEAK = YES;
				CLANG_WARN_BLOCK_CAPTURE_AUTORELEASING = YES;
				CLANG_WARN_BOOL_CONVERSION = YES;
				CLANG_WARN_COMMA = YES;
				CLANG_WARN_CONSTANT_CONVERSION = YES;
				CLANG_WARN_DEPRECATED_OBJC_IMPLEMENTATIONS = YES;
				CLANG_WARN_DIRECT_OBJC_ISA_USAGE = YES_ERROR;
				CLANG_WARN_DOCUMENTATION_COMMENTS = YES;
				CLANG_WARN_EMPTY_BODY = YES;
				CLANG_WARN_ENUM_CONVERSION = YES;
				CLANG_WARN_INFINITE_RECURSION = YES;
				CLANG_WARN_INT_CONVERSION = YES;
				CLANG_WARN_NON_LITERAL_NULL_CONVERSION = YES;
				CLANG_WARN_OBJC_IMPLICIT_RETAIN_SELF = YES;
				CLANG_WARN_OBJC_LITERAL_CONVERSION = YES;
				CLANG_WARN_OBJC_ROOT_CLASS = YES_ERROR;
				CLANG_WARN_QUOTED_INCLUDE_IN_FRAMEWORK_HEADER = YES;
				CLANG_WARN_RANGE_LOOP_ANALYSIS = YES;
				CLANG_WARN_STRICT_PROTOTYPES = YES;
				CLANG_WARN_SUSPICIOUS_MOVE = YES;
				CLANG_WARN_UNGUARDED_AVAILABILITY = YES_AGGRESSIVE;
				CLANG_WARN_UNREACHABLE_CODE = YES;
				CLANG_WARN__DUPLICATE_METHOD_MATCH = YES;
				COPY_PHASE_STRIP = NO;
				DEBUG_INFORMATION_FORMAT = dwarf;
				ENABLE_STRICT_OBJC_MSGSEND = YES;
				ENABLE_TESTABILITY = YES;
				GCC_C_LANGUAGE_STANDARD = gnu11;
				GCC_DYNAMIC_NO_PIC = NO;
				GCC_NO_COMMON_BLOCKS = YES;
				GCC_OPTIMIZATION_LEVEL = 0;
				GCC_PREPROCESSOR_DEFINITIONS = (
					"DEBUG=1",
					"$(inherited)",
				);
				GCC_WARN_64_TO_32_BIT_CONVERSION = YES;
				GCC_WARN_ABOUT_RETURN_TYPE = YES_ERROR;
				GCC_WARN_UNDECLARED_SELECTOR = YES;
				GCC_WARN_UNINITIALIZED_AUTOS = YES_AGGRESSIVE;
				GCC_WARN_UNUSED_FUNCTION = YES;
				GCC_WARN_UNUSED_VARIABLE = YES;
				IPHONEOS_DEPLOYMENT_TARGET = 14.2;
				MTL_ENABLE_DEBUG_INFO = INCLUDE_SOURCE;
				MTL_FAST_MATH = YES;
				ONLY_ACTIVE_ARCH = YES;
				SDKROOT = iphoneos;
				SWIFT_ACTIVE_COMPILATION_CONDITIONS = DEBUG;
				SWIFT_OPTIMIZATION_LEVEL = "-Onone";
			};
			name = Debug;
		};
		4735737425C6FAA400CA2743 /* Release */ = {
			isa = XCBuildConfiguration;
			buildSettings = {
				ALWAYS_SEARCH_USER_PATHS = NO;
				CLANG_ANALYZER_NONNULL = YES;
				CLANG_ANALYZER_NUMBER_OBJECT_CONVERSION = YES_AGGRESSIVE;
				CLANG_CXX_LANGUAGE_STANDARD = "gnu++14";
				CLANG_CXX_LIBRARY = "libc++";
				CLANG_ENABLE_MODULES = YES;
				CLANG_ENABLE_OBJC_ARC = YES;
				CLANG_ENABLE_OBJC_WEAK = YES;
				CLANG_WARN_BLOCK_CAPTURE_AUTORELEASING = YES;
				CLANG_WARN_BOOL_CONVERSION = YES;
				CLANG_WARN_COMMA = YES;
				CLANG_WARN_CONSTANT_CONVERSION = YES;
				CLANG_WARN_DEPRECATED_OBJC_IMPLEMENTATIONS = YES;
				CLANG_WARN_DIRECT_OBJC_ISA_USAGE = YES_ERROR;
				CLANG_WARN_DOCUMENTATION_COMMENTS = YES;
				CLANG_WARN_EMPTY_BODY = YES;
				CLANG_WARN_ENUM_CONVERSION = YES;
				CLANG_WARN_INFINITE_RECURSION = YES;
				CLANG_WARN_INT_CONVERSION = YES;
				CLANG_WARN_NON_LITERAL_NULL_CONVERSION = YES;
				CLANG_WARN_OBJC_IMPLICIT_RETAIN_SELF = YES;
				CLANG_WARN_OBJC_LITERAL_CONVERSION = YES;
				CLANG_WARN_OBJC_ROOT_CLASS = YES_ERROR;
				CLANG_WARN_QUOTED_INCLUDE_IN_FRAMEWORK_HEADER = YES;
				CLANG_WARN_RANGE_LOOP_ANALYSIS = YES;
				CLANG_WARN_STRICT_PROTOTYPES = YES;
				CLANG_WARN_SUSPICIOUS_MOVE = YES;
				CLANG_WARN_UNGUARDED_AVAILABILITY = YES_AGGRESSIVE;
				CLANG_WARN_UNREACHABLE_CODE = YES;
				CLANG_WARN__DUPLICATE_METHOD_MATCH = YES;
				COPY_PHASE_STRIP = NO;
				DEBUG_INFORMATION_FORMAT = "dwarf-with-dsym";
				ENABLE_NS_ASSERTIONS = NO;
				ENABLE_STRICT_OBJC_MSGSEND = YES;
				GCC_C_LANGUAGE_STANDARD = gnu11;
				GCC_NO_COMMON_BLOCKS = YES;
				GCC_WARN_64_TO_32_BIT_CONVERSION = YES;
				GCC_WARN_ABOUT_RETURN_TYPE = YES_ERROR;
				GCC_WARN_UNDECLARED_SELECTOR = YES;
				GCC_WARN_UNINITIALIZED_AUTOS = YES_AGGRESSIVE;
				GCC_WARN_UNUSED_FUNCTION = YES;
				GCC_WARN_UNUSED_VARIABLE = YES;
				IPHONEOS_DEPLOYMENT_TARGET = 14.2;
				MTL_ENABLE_DEBUG_INFO = NO;
				MTL_FAST_MATH = YES;
				SDKROOT = iphoneos;
				SWIFT_COMPILATION_MODE = wholemodule;
				SWIFT_OPTIMIZATION_LEVEL = "-O";
				VALIDATE_PRODUCT = YES;
			};
			name = Release;
		};
		4735737625C6FAA400CA2743 /* Debug */ = {
			isa = XCBuildConfiguration;
			buildSettings = {
				ASSETCATALOG_COMPILER_APPICON_NAME = AppIcon;
				ASSETCATALOG_COMPILER_GLOBAL_ACCENT_COLOR_NAME = AccentColor;
				CODE_SIGN_STYLE = Automatic;
				DEVELOPMENT_ASSET_PATHS = "\"Day4SwiftUIViewsandViewModifiers/Preview Content\"";
				DEVELOPMENT_TEAM = Q5Y5DR73B2;
				ENABLE_PREVIEWS = YES;
				INFOPLIST_FILE = Day4SwiftUIViewsandViewModifiers/App/Info.plist;
				LD_RUNPATH_SEARCH_PATHS = (
					"$(inherited)",
					"@executable_path/Frameworks",
				);
				PRODUCT_BUNDLE_IDENTIFIER = com.aoomle.Day4SwiftUIViewsandViewModifiers;
				PRODUCT_NAME = "$(TARGET_NAME)";
				SWIFT_VERSION = 5.0;
				TARGETED_DEVICE_FAMILY = "1,2";
			};
			name = Debug;
		};
		4735737725C6FAA400CA2743 /* Release */ = {
			isa = XCBuildConfiguration;
			buildSettings = {
				ASSETCATALOG_COMPILER_APPICON_NAME = AppIcon;
				ASSETCATALOG_COMPILER_GLOBAL_ACCENT_COLOR_NAME = AccentColor;
				CODE_SIGN_STYLE = Automatic;
				DEVELOPMENT_ASSET_PATHS = "\"Day4SwiftUIViewsandViewModifiers/Preview Content\"";
				DEVELOPMENT_TEAM = Q5Y5DR73B2;
				ENABLE_PREVIEWS = YES;
				INFOPLIST_FILE = Day4SwiftUIViewsandViewModifiers/App/Info.plist;
				LD_RUNPATH_SEARCH_PATHS = (
					"$(inherited)",
					"@executable_path/Frameworks",
				);
				PRODUCT_BUNDLE_IDENTIFIER = com.aoomle.Day4SwiftUIViewsandViewModifiers;
				PRODUCT_NAME = "$(TARGET_NAME)";
				SWIFT_VERSION = 5.0;
				TARGETED_DEVICE_FAMILY = "1,2";
			};
			name = Release;
		};
		4735738D25C6FB6700CA2743 /* Debug */ = {
			isa = XCBuildConfiguration;
			buildSettings = {
				BUNDLE_LOADER = "$(TEST_HOST)";
				CODE_SIGN_STYLE = Automatic;
				DEVELOPMENT_TEAM = Q5Y5DR73B2;
				INFOPLIST_FILE = Day4SwiftUIViewsandViewModifiersTests/Info.plist;
				LD_RUNPATH_SEARCH_PATHS = (
					"$(inherited)",
					"@executable_path/Frameworks",
					"@loader_path/Frameworks",
				);
				PRODUCT_BUNDLE_IDENTIFIER = com.aoomle.Day4SwiftUIViewsandViewModifiersTests;
				PRODUCT_NAME = "$(TARGET_NAME)";
				SWIFT_VERSION = 5.0;
				TARGETED_DEVICE_FAMILY = "1,2";
				TEST_HOST = "$(BUILT_PRODUCTS_DIR)/Day4SwiftUIViewsandViewModifiers.app/Day4SwiftUIViewsandViewModifiers";
			};
			name = Debug;
		};
		4735738E25C6FB6700CA2743 /* Release */ = {
			isa = XCBuildConfiguration;
			buildSettings = {
				BUNDLE_LOADER = "$(TEST_HOST)";
				CODE_SIGN_STYLE = Automatic;
				DEVELOPMENT_TEAM = Q5Y5DR73B2;
				INFOPLIST_FILE = Day4SwiftUIViewsandViewModifiersTests/Info.plist;
				LD_RUNPATH_SEARCH_PATHS = (
					"$(inherited)",
					"@executable_path/Frameworks",
					"@loader_path/Frameworks",
				);
				PRODUCT_BUNDLE_IDENTIFIER = com.aoomle.Day4SwiftUIViewsandViewModifiersTests;
				PRODUCT_NAME = "$(TARGET_NAME)";
				SWIFT_VERSION = 5.0;
				TARGETED_DEVICE_FAMILY = "1,2";
				TEST_HOST = "$(BUILT_PRODUCTS_DIR)/Day4SwiftUIViewsandViewModifiers.app/Day4SwiftUIViewsandViewModifiers";
			};
			name = Release;
		};
/* End XCBuildConfiguration section */

/* Begin XCConfigurationList section */
		4735735C25C6FAA300CA2743 /* Build configuration list for PBXProject "Day4SwiftUIViewsandViewModifiers" */ = {
			isa = XCConfigurationList;
			buildConfigurations = (
				4735737325C6FAA400CA2743 /* Debug */,
				4735737425C6FAA400CA2743 /* Release */,
			);
			defaultConfigurationIsVisible = 0;
			defaultConfigurationName = Release;
		};
		4735737525C6FAA400CA2743 /* Build configuration list for PBXNativeTarget "Day4SwiftUIViewsandViewModifiers" */ = {
			isa = XCConfigurationList;
			buildConfigurations = (
				4735737625C6FAA400CA2743 /* Debug */,
				4735737725C6FAA400CA2743 /* Release */,
			);
			defaultConfigurationIsVisible = 0;
			defaultConfigurationName = Release;
		};
		4735738C25C6FB6700CA2743 /* Build configuration list for PBXNativeTarget "Day4SwiftUIViewsandViewModifiersTests" */ = {
			isa = XCConfigurationList;
			buildConfigurations = (
				4735738D25C6FB6700CA2743 /* Debug */,
				4735738E25C6FB6700CA2743 /* Release */,
			);
			defaultConfigurationIsVisible = 0;
			defaultConfigurationName = Release;
		};
/* End XCConfigurationList section */
	};
	rootObject = 4735735925C6FAA300CA2743 /* Project object */;
}
